
Microsoft Visual Studio Solution File, Format Version 12.00
# Visual Studio Version 17
VisualStudioVersion = 17.9.34622.214
MinimumVisualStudioVersion = 10.0.40219.1
Project("{8BC9CEB8-8B4A-11D0-8D11-00A0C91BC942}") = "OOP17(memory)", "OOP17(memory)\OOP17(memory).vcxproj", "{34AB511D-E7D6-473B-951E-0B1C16559F05}"
EndProject
Global
	GlobalSection(SolutionConfigurationPlatforms) = preSolution
		Debug|x64 = Debug|x64
		Debug|x86 = Debug|x86
		Release|x64 = Release|x64
		Release|x86 = Release|x86
	EndGlobalSection
	GlobalSection(ProjectConfigurationPlatforms) = postSolution
		{34AB511D-E7D6-473B-951E-0B1C16559F05}.Debug|x64.ActiveCfg = Debug|x64
		{34AB511D-E7D6-473B-951E-0B1C16559F05}.Debug|x64.Build.0 = Debug|x64
		{34AB511D-E7D6-473B-951E-0B1C16559F05}.Debug|x86.ActiveCfg = Debug|Win32
		{34AB511D-E7D6-473B-951E-0B1C16559F05}.Debug|x86.Build.0 = Debug|Win32
		{34AB511D-E7D6-473B-951E-0B1C16559F05}.Release|x64.ActiveCfg = Release|x64
		{34AB511D-E7D6-473B-951E-0B1C16559F05}.Release|x64.Build.0 = Release|x64
		{34AB511D-E7D6-473B-951E-0B1C16559F05}.Release|x86.ActiveCfg = Release|Win32
		{34AB511D-E7D6-473B-951E-0B1C16559F05}.Release|x86.Build.0 = Release|Win32
	EndGlobalSection
	GlobalSection(SolutionProperties) = preSolution
		HideSolutionNode = FALSE
	EndGlobalSection
	GlobalSection(ExtensibilityGlobals) = postSolution
		SolutionGuid = {DC15A475-FBD1-4CB3-B8C4-29B902097721}
	EndGlobalSection
EndGlobal
